// !$*UTF8*$!
{
	archiveVersion = 1;
	classes = {
	};
	objectVersion = 56;
	objects = {

/* Begin PBXBuildFile section */
		EF3790F6298C620400BA3DE9 /* SessionIdViewModel.swift in Sources */ = {isa = PBXBuildFile; fileRef = EF3790F5298C620400BA3DE9 /* SessionIdViewModel.swift */; };
		EF3790F8298C6A0F00BA3DE9 /* SendFavoriteMovies.swift in Sources */ = {isa = PBXBuildFile; fileRef = EF3790F7298C6A0F00BA3DE9 /* SendFavoriteMovies.swift */; };
		EF3790FA298C916B00BA3DE9 /* SeccionesViewController.swift in Sources */ = {isa = PBXBuildFile; fileRef = EF3790F9298C916B00BA3DE9 /* SeccionesViewController.swift */; };
		EF91B01829883252001AE3CA /* AppDelegate.swift in Sources */ = {isa = PBXBuildFile; fileRef = EF91B01729883252001AE3CA /* AppDelegate.swift */; };
		EF91B01A29883252001AE3CA /* SceneDelegate.swift in Sources */ = {isa = PBXBuildFile; fileRef = EF91B01929883252001AE3CA /* SceneDelegate.swift */; };
		EF91B01C29883252001AE3CA /* ViewController.swift in Sources */ = {isa = PBXBuildFile; fileRef = EF91B01B29883252001AE3CA /* ViewController.swift */; };
		EF91B01F29883252001AE3CA /* Main.storyboard in Resources */ = {isa = PBXBuildFile; fileRef = EF91B01D29883252001AE3CA /* Main.storyboard */; };
		EF91B02129883256001AE3CA /* Assets.xcassets in Resources */ = {isa = PBXBuildFile; fileRef = EF91B02029883256001AE3CA /* Assets.xcassets */; };
		EF91B02429883256001AE3CA /* LaunchScreen.storyboard in Resources */ = {isa = PBXBuildFile; fileRef = EF91B02229883256001AE3CA /* LaunchScreen.storyboard */; };
		EF91B02F29883256001AE3CA /* ODiazExamenCoppelTests.swift in Sources */ = {isa = PBXBuildFile; fileRef = EF91B02E29883256001AE3CA /* ODiazExamenCoppelTests.swift */; };
		EF91B03929883256001AE3CA /* ODiazExamenCoppelUITests.swift in Sources */ = {isa = PBXBuildFile; fileRef = EF91B03829883256001AE3CA /* ODiazExamenCoppelUITests.swift */; };
		EF91B03B29883256001AE3CA /* ODiazExamenCoppelUITestsLaunchTests.swift in Sources */ = {isa = PBXBuildFile; fileRef = EF91B03A29883256001AE3CA /* ODiazExamenCoppelUITestsLaunchTests.swift */; };
		EF91B04C2988334B001AE3CA /* Movie.swift in Sources */ = {isa = PBXBuildFile; fileRef = EF91B04B2988334B001AE3CA /* Movie.swift */; };
		EF91B04F298837D8001AE3CA /* PeliculaCollectionViewCell.swift in Sources */ = {isa = PBXBuildFile; fileRef = EF91B04D298837D8001AE3CA /* PeliculaCollectionViewCell.swift */; };
		EF91B050298837D8001AE3CA /* PeliculaCollectionViewCell.xib in Resources */ = {isa = PBXBuildFile; fileRef = EF91B04E298837D8001AE3CA /* PeliculaCollectionViewCell.xib */; };
		EF91B05429885971001AE3CA /* CreateSessionWithLogin.swift in Sources */ = {isa = PBXBuildFile; fileRef = EF91B05329885971001AE3CA /* CreateSessionWithLogin.swift */; };
		EF91B057298873C8001AE3CA /* RequestToken.swift in Sources */ = {isa = PBXBuildFile; fileRef = EF91B056298873C8001AE3CA /* RequestToken.swift */; };
		EF91B05929887560001AE3CA /* AuthorizeRequestToken.swift in Sources */ = {isa = PBXBuildFile; fileRef = EF91B05829887560001AE3CA /* AuthorizeRequestToken.swift */; };
		EF91B05B29887736001AE3CA /* SessionId.swift in Sources */ = {isa = PBXBuildFile; fileRef = EF91B05A29887736001AE3CA /* SessionId.swift */; };
		EF91B05E29887B35001AE3CA /* MovieViewModel.swift in Sources */ = {isa = PBXBuildFile; fileRef = EF91B05D29887B35001AE3CA /* MovieViewModel.swift */; };
		EF91B062298881F7001AE3CA /* RequestTokenViewModel.swift in Sources */ = {isa = PBXBuildFile; fileRef = EF91B061298881F7001AE3CA /* RequestTokenViewModel.swift */; };
		EF92E564298B30800048B7B2 /* ResultMovies.swift in Sources */ = {isa = PBXBuildFile; fileRef = EF92E563298B30800048B7B2 /* ResultMovies.swift */; };
		EF92E568298B33E30048B7B2 /* Result.swift in Sources */ = {isa = PBXBuildFile; fileRef = EF92E567298B33E30048B7B2 /* Result.swift */; };
		EF92E56B298B37F60048B7B2 /* Login.swift in Sources */ = {isa = PBXBuildFile; fileRef = EF92E56A298B37F60048B7B2 /* Login.swift */; };
		EF92E56D298B398E0048B7B2 /* LoginViewModel.swift in Sources */ = {isa = PBXBuildFile; fileRef = EF92E56C298B398E0048B7B2 /* LoginViewModel.swift */; };
/* End PBXBuildFile section */

/* Begin PBXContainerItemProxy section */
		EF91B02B29883256001AE3CA /* PBXContainerItemProxy */ = {
			isa = PBXContainerItemProxy;
			containerPortal = EF91B00C29883252001AE3CA /* Project object */;
			proxyType = 1;
			remoteGlobalIDString = EF91B01329883252001AE3CA;
			remoteInfo = ODiazExamenCoppel;
		};
		EF91B03529883256001AE3CA /* PBXContainerItemProxy */ = {
			isa = PBXContainerItemProxy;
			containerPortal = EF91B00C29883252001AE3CA /* Project object */;
			proxyType = 1;
			remoteGlobalIDString = EF91B01329883252001AE3CA;
			remoteInfo = ODiazExamenCoppel;
		};
/* End PBXContainerItemProxy section */

/* Begin PBXFileReference section */
		EF3790F5298C620400BA3DE9 /* SessionIdViewModel.swift */ = {isa = PBXFileReference; lastKnownFileType = sourcecode.swift; path = SessionIdViewModel.swift; sourceTree = "<group>"; };
		EF3790F7298C6A0F00BA3DE9 /* SendFavoriteMovies.swift */ = {isa = PBXFileReference; lastKnownFileType = sourcecode.swift; path = SendFavoriteMovies.swift; sourceTree = "<group>"; };
		EF3790F9298C916B00BA3DE9 /* SeccionesViewController.swift */ = {isa = PBXFileReference; lastKnownFileType = sourcecode.swift; path = SeccionesViewController.swift; sourceTree = "<group>"; };
		EF91B01429883252001AE3CA /* ODiazExamenCoppel.app */ = {isa = PBXFileReference; explicitFileType = wrapper.application; includeInIndex = 0; path = ODiazExamenCoppel.app; sourceTree = BUILT_PRODUCTS_DIR; };
		EF91B01729883252001AE3CA /* AppDelegate.swift */ = {isa = PBXFileReference; lastKnownFileType = sourcecode.swift; path = AppDelegate.swift; sourceTree = "<group>"; };
		EF91B01929883252001AE3CA /* SceneDelegate.swift */ = {isa = PBXFileReference; lastKnownFileType = sourcecode.swift; path = SceneDelegate.swift; sourceTree = "<group>"; };
		EF91B01B29883252001AE3CA /* ViewController.swift */ = {isa = PBXFileReference; lastKnownFileType = sourcecode.swift; path = ViewController.swift; sourceTree = "<group>"; };
		EF91B01E29883252001AE3CA /* Base */ = {isa = PBXFileReference; lastKnownFileType = file.storyboard; name = Base; path = Base.lproj/Main.storyboard; sourceTree = "<group>"; };
		EF91B02029883256001AE3CA /* Assets.xcassets */ = {isa = PBXFileReference; lastKnownFileType = folder.assetcatalog; path = Assets.xcassets; sourceTree = "<group>"; };
		EF91B02329883256001AE3CA /* Base */ = {isa = PBXFileReference; lastKnownFileType = file.storyboard; name = Base; path = Base.lproj/LaunchScreen.storyboard; sourceTree = "<group>"; };
		EF91B02529883256001AE3CA /* Info.plist */ = {isa = PBXFileReference; lastKnownFileType = text.plist.xml; path = Info.plist; sourceTree = "<group>"; };
		EF91B02A29883256001AE3CA /* ODiazExamenCoppelTests.xctest */ = {isa = PBXFileReference; explicitFileType = wrapper.cfbundle; includeInIndex = 0; path = ODiazExamenCoppelTests.xctest; sourceTree = BUILT_PRODUCTS_DIR; };
		EF91B02E29883256001AE3CA /* ODiazExamenCoppelTests.swift */ = {isa = PBXFileReference; lastKnownFileType = sourcecode.swift; path = ODiazExamenCoppelTests.swift; sourceTree = "<group>"; };
		EF91B03429883256001AE3CA /* ODiazExamenCoppelUITests.xctest */ = {isa = PBXFileReference; explicitFileType = wrapper.cfbundle; includeInIndex = 0; path = ODiazExamenCoppelUITests.xctest; sourceTree = BUILT_PRODUCTS_DIR; };
		EF91B03829883256001AE3CA /* ODiazExamenCoppelUITests.swift */ = {isa = PBXFileReference; lastKnownFileType = sourcecode.swift; path = ODiazExamenCoppelUITests.swift; sourceTree = "<group>"; };
		EF91B03A29883256001AE3CA /* ODiazExamenCoppelUITestsLaunchTests.swift */ = {isa = PBXFileReference; lastKnownFileType = sourcecode.swift; path = ODiazExamenCoppelUITestsLaunchTests.swift; sourceTree = "<group>"; };
		EF91B04B2988334B001AE3CA /* Movie.swift */ = {isa = PBXFileReference; lastKnownFileType = sourcecode.swift; path = Movie.swift; sourceTree = "<group>"; };
		EF91B04D298837D8001AE3CA /* PeliculaCollectionViewCell.swift */ = {isa = PBXFileReference; lastKnownFileType = sourcecode.swift; path = PeliculaCollectionViewCell.swift; sourceTree = "<group>"; };
		EF91B04E298837D8001AE3CA /* PeliculaCollectionViewCell.xib */ = {isa = PBXFileReference; lastKnownFileType = file.xib; path = PeliculaCollectionViewCell.xib; sourceTree = "<group>"; };
		EF91B05329885971001AE3CA /* CreateSessionWithLogin.swift */ = {isa = PBXFileReference; lastKnownFileType = sourcecode.swift; path = CreateSessionWithLogin.swift; sourceTree = "<group>"; };
		EF91B056298873C8001AE3CA /* RequestToken.swift */ = {isa = PBXFileReference; lastKnownFileType = sourcecode.swift; path = RequestToken.swift; sourceTree = "<group>"; };
		EF91B05829887560001AE3CA /* AuthorizeRequestToken.swift */ = {isa = PBXFileReference; lastKnownFileType = sourcecode.swift; path = AuthorizeRequestToken.swift; sourceTree = "<group>"; };
		EF91B05A29887736001AE3CA /* SessionId.swift */ = {isa = PBXFileReference; lastKnownFileType = sourcecode.swift; path = SessionId.swift; sourceTree = "<group>"; };
		EF91B05D29887B35001AE3CA /* MovieViewModel.swift */ = {isa = PBXFileReference; lastKnownFileType = sourcecode.swift; path = MovieViewModel.swift; sourceTree = "<group>"; };
		EF91B061298881F7001AE3CA /* RequestTokenViewModel.swift */ = {isa = PBXFileReference; lastKnownFileType = sourcecode.swift; path = RequestTokenViewModel.swift; sourceTree = "<group>"; };
		EF92E563298B30800048B7B2 /* ResultMovies.swift */ = {isa = PBXFileReference; lastKnownFileType = sourcecode.swift; path = ResultMovies.swift; sourceTree = "<group>"; };
		EF92E567298B33E30048B7B2 /* Result.swift */ = {isa = PBXFileReference; lastKnownFileType = sourcecode.swift; path = Result.swift; sourceTree = "<group>"; };
		EF92E56A298B37F60048B7B2 /* Login.swift */ = {isa = PBXFileReference; lastKnownFileType = sourcecode.swift; path = Login.swift; sourceTree = "<group>"; };
		EF92E56C298B398E0048B7B2 /* LoginViewModel.swift */ = {isa = PBXFileReference; lastKnownFileType = sourcecode.swift; path = LoginViewModel.swift; sourceTree = "<group>"; };
/* End PBXFileReference section */

/* Begin PBXFrameworksBuildPhase section */
		EF91B01129883252001AE3CA /* Frameworks */ = {
			isa = PBXFrameworksBuildPhase;
			buildActionMask = 2147483647;
			files = (
			);
			runOnlyForDeploymentPostprocessing = 0;
		};
		EF91B02729883256001AE3CA /* Frameworks */ = {
			isa = PBXFrameworksBuildPhase;
			buildActionMask = 2147483647;
			files = (
			);
			runOnlyForDeploymentPostprocessing = 0;
		};
		EF91B03129883256001AE3CA /* Frameworks */ = {
			isa = PBXFrameworksBuildPhase;
			buildActionMask = 2147483647;
			files = (
			);
			runOnlyForDeploymentPostprocessing = 0;
		};
/* End PBXFrameworksBuildPhase section */

/* Begin PBXGroup section */
		EF91B00B29883252001AE3CA = {
			isa = PBXGroup;
			children = (
				EF91B01629883252001AE3CA /* ODiazExamenCoppel */,
				EF91B02D29883256001AE3CA /* ODiazExamenCoppelTests */,
				EF91B03729883256001AE3CA /* ODiazExamenCoppelUITests */,
				EF91B01529883252001AE3CA /* Products */,
			);
			sourceTree = "<group>";
		};
		EF91B01529883252001AE3CA /* Products */ = {
			isa = PBXGroup;
			children = (
				EF91B01429883252001AE3CA /* ODiazExamenCoppel.app */,
				EF91B02A29883256001AE3CA /* ODiazExamenCoppelTests.xctest */,
				EF91B03429883256001AE3CA /* ODiazExamenCoppelUITests.xctest */,
			);
			name = Products;
			sourceTree = "<group>";
		};
		EF91B01629883252001AE3CA /* ODiazExamenCoppel */ = {
			isa = PBXGroup;
			children = (
				EF91B04A29883284001AE3CA /* View */,
				EF91B04929883275001AE3CA /* Controller */,
				EF91B0482988326B001AE3CA /* ViewModel */,
				EF91B04729883261001AE3CA /* Model */,
				EF91B02529883256001AE3CA /* Info.plist */,
			);
			path = ODiazExamenCoppel;
			sourceTree = "<group>";
		};
		EF91B02D29883256001AE3CA /* ODiazExamenCoppelTests */ = {
			isa = PBXGroup;
			children = (
				EF91B02E29883256001AE3CA /* ODiazExamenCoppelTests.swift */,
			);
			path = ODiazExamenCoppelTests;
			sourceTree = "<group>";
		};
		EF91B03729883256001AE3CA /* ODiazExamenCoppelUITests */ = {
			isa = PBXGroup;
			children = (
				EF91B03829883256001AE3CA /* ODiazExamenCoppelUITests.swift */,
				EF91B03A29883256001AE3CA /* ODiazExamenCoppelUITestsLaunchTests.swift */,
			);
			path = ODiazExamenCoppelUITests;
			sourceTree = "<group>";
		};
		EF91B04729883261001AE3CA /* Model */ = {
			isa = PBXGroup;
			children = (
				EF92E569298B37D90048B7B2 /* Envio */,
				EF91B05529887399001AE3CA /* MovieDB */,
				EF91B05329885971001AE3CA /* CreateSessionWithLogin.swift */,
			);
			path = Model;
			sourceTree = "<group>";
		};
		EF91B0482988326B001AE3CA /* ViewModel */ = {
			isa = PBXGroup;
			children = (
				EF91B05C29887B1F001AE3CA /* Movie */,
				EF92E56C298B398E0048B7B2 /* LoginViewModel.swift */,
			);
			path = ViewModel;
			sourceTree = "<group>";
		};
		EF91B04929883275001AE3CA /* Controller */ = {
			isa = PBXGroup;
			children = (
				EF3790F9298C916B00BA3DE9 /* SeccionesViewController.swift */,
				EF91B0522988382C001AE3CA /* Movie */,
				EF91B01929883252001AE3CA /* SceneDelegate.swift */,
				EF91B01B29883252001AE3CA /* ViewController.swift */,
				EF91B01729883252001AE3CA /* AppDelegate.swift */,
			);
			path = Controller;
			sourceTree = "<group>";
		};
		EF91B04A29883284001AE3CA /* View */ = {
			isa = PBXGroup;
			children = (
				EF91B05129883820001AE3CA /* Movie */,
				EF91B02029883256001AE3CA /* Assets.xcassets */,
				EF91B02229883256001AE3CA /* LaunchScreen.storyboard */,
				EF91B01D29883252001AE3CA /* Main.storyboard */,
			);
			path = View;
			sourceTree = "<group>";
		};
		EF91B05129883820001AE3CA /* Movie */ = {
			isa = PBXGroup;
			children = (
				EF91B04E298837D8001AE3CA /* PeliculaCollectionViewCell.xib */,
			);
			path = Movie;
			sourceTree = "<group>";
		};
		EF91B0522988382C001AE3CA /* Movie */ = {
			isa = PBXGroup;
			children = (
				EF91B04D298837D8001AE3CA /* PeliculaCollectionViewCell.swift */,
			);
			path = Movie;
			sourceTree = "<group>";
		};
		EF91B05529887399001AE3CA /* MovieDB */ = {
			isa = PBXGroup;
			children = (
				EF91B04B2988334B001AE3CA /* Movie.swift */,
				EF91B056298873C8001AE3CA /* RequestToken.swift */,
				EF91B05829887560001AE3CA /* AuthorizeRequestToken.swift */,
				EF91B05A29887736001AE3CA /* SessionId.swift */,
				EF92E563298B30800048B7B2 /* ResultMovies.swift */,
				EF92E567298B33E30048B7B2 /* Result.swift */,
			);
			path = MovieDB;
			sourceTree = "<group>";
		};
		EF91B05C29887B1F001AE3CA /* Movie */ = {
			isa = PBXGroup;
			children = (
				EF91B05D29887B35001AE3CA /* MovieViewModel.swift */,
				EF91B061298881F7001AE3CA /* RequestTokenViewModel.swift */,
				EF3790F5298C620400BA3DE9 /* SessionIdViewModel.swift */,
			);
			path = Movie;
			sourceTree = "<group>";
		};
		EF92E569298B37D90048B7B2 /* Envio */ = {
			isa = PBXGroup;
			children = (
				EF92E56A298B37F60048B7B2 /* Login.swift */,
				EF3790F7298C6A0F00BA3DE9 /* SendFavoriteMovies.swift */,
			);
			path = Envio;
			sourceTree = "<group>";
		};
/* End PBXGroup section */

/* Begin PBXNativeTarget section */
		EF91B01329883252001AE3CA /* ODiazExamenCoppel */ = {
			isa = PBXNativeTarget;
			buildConfigurationList = EF91B03E29883256001AE3CA /* Build configuration list for PBXNativeTarget "ODiazExamenCoppel" */;
			buildPhases = (
				EF91B01029883252001AE3CA /* Sources */,
				EF91B01129883252001AE3CA /* Frameworks */,
				EF91B01229883252001AE3CA /* Resources */,
			);
			buildRules = (
			);
			dependencies = (
			);
			name = ODiazExamenCoppel;
			productName = ODiazExamenCoppel;
			productReference = EF91B01429883252001AE3CA /* ODiazExamenCoppel.app */;
			productType = "com.apple.product-type.application";
		};
		EF91B02929883256001AE3CA /* ODiazExamenCoppelTests */ = {
			isa = PBXNativeTarget;
			buildConfigurationList = EF91B04129883256001AE3CA /* Build configuration list for PBXNativeTarget "ODiazExamenCoppelTests" */;
			buildPhases = (
				EF91B02629883256001AE3CA /* Sources */,
				EF91B02729883256001AE3CA /* Frameworks */,
				EF91B02829883256001AE3CA /* Resources */,
			);
			buildRules = (
			);
			dependencies = (
				EF91B02C29883256001AE3CA /* PBXTargetDependency */,
			);
			name = ODiazExamenCoppelTests;
			productName = ODiazExamenCoppelTests;
			productReference = EF91B02A29883256001AE3CA /* ODiazExamenCoppelTests.xctest */;
			productType = "com.apple.product-type.bundle.unit-test";
		};
		EF91B03329883256001AE3CA /* ODiazExamenCoppelUITests */ = {
			isa = PBXNativeTarget;
			buildConfigurationList = EF91B04429883256001AE3CA /* Build configuration list for PBXNativeTarget "ODiazExamenCoppelUITests" */;
			buildPhases = (
				EF91B03029883256001AE3CA /* Sources */,
				EF91B03129883256001AE3CA /* Frameworks */,
				EF91B03229883256001AE3CA /* Resources */,
			);
			buildRules = (
			);
			dependencies = (
				EF91B03629883256001AE3CA /* PBXTargetDependency */,
			);
			name = ODiazExamenCoppelUITests;
			productName = ODiazExamenCoppelUITests;
			productReference = EF91B03429883256001AE3CA /* ODiazExamenCoppelUITests.xctest */;
			productType = "com.apple.product-type.bundle.ui-testing";
		};
/* End PBXNativeTarget section */

/* Begin PBXProject section */
		EF91B00C29883252001AE3CA /* Project object */ = {
			isa = PBXProject;
			attributes = {
				BuildIndependentTargetsInParallel = 1;
				LastSwiftUpdateCheck = 1420;
				LastUpgradeCheck = 1420;
				TargetAttributes = {
					EF91B01329883252001AE3CA = {
						CreatedOnToolsVersion = 14.2;
					};
					EF91B02929883256001AE3CA = {
						CreatedOnToolsVersion = 14.2;
						TestTargetID = EF91B01329883252001AE3CA;
					};
					EF91B03329883256001AE3CA = {
						CreatedOnToolsVersion = 14.2;
						TestTargetID = EF91B01329883252001AE3CA;
					};
				};
			};
			buildConfigurationList = EF91B00F29883252001AE3CA /* Build configuration list for PBXProject "ODiazExamenCoppel" */;
			compatibilityVersion = "Xcode 14.0";
			developmentRegion = en;
			hasScannedForEncodings = 0;
			knownRegions = (
				en,
				Base,
			);
			mainGroup = EF91B00B29883252001AE3CA;
			productRefGroup = EF91B01529883252001AE3CA /* Products */;
			projectDirPath = "";
			projectRoot = "";
			targets = (
				EF91B01329883252001AE3CA /* ODiazExamenCoppel */,
				EF91B02929883256001AE3CA /* ODiazExamenCoppelTests */,
				EF91B03329883256001AE3CA /* ODiazExamenCoppelUITests */,
			);
		};
/* End PBXProject section */

/* Begin PBXResourcesBuildPhase section */
		EF91B01229883252001AE3CA /* Resources */ = {
			isa = PBXResourcesBuildPhase;
			buildActionMask = 2147483647;
			files = (
				EF91B02429883256001AE3CA /* LaunchScreen.storyboard in Resources */,
				EF91B050298837D8001AE3CA /* PeliculaCollectionViewCell.xib in Resources */,
				EF91B02129883256001AE3CA /* Assets.xcassets in Resources */,
				EF91B01F29883252001AE3CA /* Main.storyboard in Resources */,
			);
			runOnlyForDeploymentPostprocessing = 0;
		};
		EF91B02829883256001AE3CA /* Resources */ = {
			isa = PBXResourcesBuildPhase;
			buildActionMask = 2147483647;
			files = (
			);
			runOnlyForDeploymentPostprocessing = 0;
		};
		EF91B03229883256001AE3CA /* Resources */ = {
			isa = PBXResourcesBuildPhase;
			buildActionMask = 2147483647;
			files = (
			);
			runOnlyForDeploymentPostprocessing = 0;
		};
/* End PBXResourcesBuildPhase section */

/* Begin PBXSourcesBuildPhase section */
		EF91B01029883252001AE3CA /* Sources */ = {
			isa = PBXSourcesBuildPhase;
			buildActionMask = 2147483647;
			files = (
				EF3790FA298C916B00BA3DE9 /* SeccionesViewController.swift in Sources */,
				EF91B04F298837D8001AE3CA /* PeliculaCollectionViewCell.swift in Sources */,
				EF91B05E29887B35001AE3CA /* MovieViewModel.swift in Sources */,
				EF91B01C29883252001AE3CA /* ViewController.swift in Sources */,
				EF92E56D298B398E0048B7B2 /* LoginViewModel.swift in Sources */,
				EF3790F6298C620400BA3DE9 /* SessionIdViewModel.swift in Sources */,
				EF3790F8298C6A0F00BA3DE9 /* SendFavoriteMovies.swift in Sources */,
				EF92E568298B33E30048B7B2 /* Result.swift in Sources */,
				EF91B062298881F7001AE3CA /* RequestTokenViewModel.swift in Sources */,
				EF92E56B298B37F60048B7B2 /* Login.swift in Sources */,
				EF91B05B29887736001AE3CA /* SessionId.swift in Sources */,
				EF91B057298873C8001AE3CA /* RequestToken.swift in Sources */,
				EF91B05929887560001AE3CA /* AuthorizeRequestToken.swift in Sources */,
				EF91B05429885971001AE3CA /* CreateSessionWithLogin.swift in Sources */,
				EF91B01829883252001AE3CA /* AppDelegate.swift in Sources */,
				EF91B04C2988334B001AE3CA /* Movie.swift in Sources */,
				EF92E564298B30800048B7B2 /* ResultMovies.swift in Sources */,
				EF91B01A29883252001AE3CA /* SceneDelegate.swift in Sources */,
			);
			runOnlyForDeploymentPostprocessing = 0;
		};
		EF91B02629883256001AE3CA /* Sources */ = {
			isa = PBXSourcesBuildPhase;
			buildActionMask = 2147483647;
			files = (
				EF91B02F29883256001AE3CA /* ODiazExamenCoppelTests.swift in Sources */,
			);
			runOnlyForDeploymentPostprocessing = 0;
		};
		EF91B03029883256001AE3CA /* Sources */ = {
			isa = PBXSourcesBuildPhase;
			buildActionMask = 2147483647;
			files = (
				EF91B03929883256001AE3CA /* ODiazExamenCoppelUITests.swift in Sources */,
				EF91B03B29883256001AE3CA /* ODiazExamenCoppelUITestsLaunchTests.swift in Sources */,
			);
			runOnlyForDeploymentPostprocessing = 0;
		};
/* End PBXSourcesBuildPhase section */

/* Begin PBXTargetDependency section */
		EF91B02C29883256001AE3CA /* PBXTargetDependency */ = {
			isa = PBXTargetDependency;
			target = EF91B01329883252001AE3CA /* ODiazExamenCoppel */;
			targetProxy = EF91B02B29883256001AE3CA /* PBXContainerItemProxy */;
		};
		EF91B03629883256001AE3CA /* PBXTargetDependency */ = {
			isa = PBXTargetDependency;
			target = EF91B01329883252001AE3CA /* ODiazExamenCoppel */;
			targetProxy = EF91B03529883256001AE3CA /* PBXContainerItemProxy */;
		};
/* End PBXTargetDependency section */

/* Begin PBXVariantGroup section */
		EF91B01D29883252001AE3CA /* Main.storyboard */ = {
			isa = PBXVariantGroup;
			children = (
				EF91B01E29883252001AE3CA /* Base */,
			);
			name = Main.storyboard;
			sourceTree = "<group>";
		};
		EF91B02229883256001AE3CA /* LaunchScreen.storyboard */ = {
			isa = PBXVariantGroup;
			children = (
				EF91B02329883256001AE3CA /* Base */,
			);
			name = LaunchScreen.storyboard;
			sourceTree = "<group>";
		};
/* End PBXVariantGroup section */

/* Begin XCBuildConfiguration section */
		EF91B03C29883256001AE3CA /* Debug */ = {
			isa = XCBuildConfiguration;
			buildSettings = {
				ALWAYS_SEARCH_USER_PATHS = NO;
				CLANG_ANALYZER_NONNULL = YES;
				CLANG_ANALYZER_NUMBER_OBJECT_CONVERSION = YES_AGGRESSIVE;
				CLANG_CXX_LANGUAGE_STANDARD = "gnu++20";
				CLANG_ENABLE_MODULES = YES;
				CLANG_ENABLE_OBJC_ARC = YES;
				CLANG_ENABLE_OBJC_WEAK = YES;
				CLANG_WARN_BLOCK_CAPTURE_AUTORELEASING = YES;
				CLANG_WARN_BOOL_CONVERSION = YES;
				CLANG_WARN_COMMA = YES;
				CLANG_WARN_CONSTANT_CONVERSION = YES;
				CLANG_WARN_DEPRECATED_OBJC_IMPLEMENTATIONS = YES;
				CLANG_WARN_DIRECT_OBJC_ISA_USAGE = YES_ERROR;
				CLANG_WARN_DOCUMENTATION_COMMENTS = YES;
				CLANG_WARN_EMPTY_BODY = YES;
				CLANG_WARN_ENUM_CONVERSION = YES;
				CLANG_WARN_INFINITE_RECURSION = YES;
				CLANG_WARN_INT_CONVERSION = YES;
				CLANG_WARN_NON_LITERAL_NULL_CONVERSION = YES;
				CLANG_WARN_OBJC_IMPLICIT_RETAIN_SELF = YES;
				CLANG_WARN_OBJC_LITERAL_CONVERSION = YES;
				CLANG_WARN_OBJC_ROOT_CLASS = YES_ERROR;
				CLANG_WARN_QUOTED_INCLUDE_IN_FRAMEWORK_HEADER = YES;
				CLANG_WARN_RANGE_LOOP_ANALYSIS = YES;
				CLANG_WARN_STRICT_PROTOTYPES = YES;
				CLANG_WARN_SUSPICIOUS_MOVE = YES;
				CLANG_WARN_UNGUARDED_AVAILABILITY = YES_AGGRESSIVE;
				CLANG_WARN_UNREACHABLE_CODE = YES;
				CLANG_WARN__DUPLICATE_METHOD_MATCH = YES;
				COPY_PHASE_STRIP = NO;
				DEBUG_INFORMATION_FORMAT = dwarf;
				ENABLE_STRICT_OBJC_MSGSEND = YES;
				ENABLE_TESTABILITY = YES;
				GCC_C_LANGUAGE_STANDARD = gnu11;
				GCC_DYNAMIC_NO_PIC = NO;
				GCC_NO_COMMON_BLOCKS = YES;
				GCC_OPTIMIZATION_LEVEL = 0;
				GCC_PREPROCESSOR_DEFINITIONS = (
					"DEBUG=1",
					"$(inherited)",
				);
				GCC_WARN_64_TO_32_BIT_CONVERSION = YES;
				GCC_WARN_ABOUT_RETURN_TYPE = YES_ERROR;
				GCC_WARN_UNDECLARED_SELECTOR = YES;
				GCC_WARN_UNINITIALIZED_AUTOS = YES_AGGRESSIVE;
				GCC_WARN_UNUSED_FUNCTION = YES;
				GCC_WARN_UNUSED_VARIABLE = YES;
				IPHONEOS_DEPLOYMENT_TARGET = 16.2;
				MTL_ENABLE_DEBUG_INFO = INCLUDE_SOURCE;
				MTL_FAST_MATH = YES;
				ONLY_ACTIVE_ARCH = YES;
				SDKROOT = iphoneos;
				SWIFT_ACTIVE_COMPILATION_CONDITIONS = DEBUG;
				SWIFT_OPTIMIZATION_LEVEL = "-Onone";
			};
			name = Debug;
		};
		EF91B03D29883256001AE3CA /* Release */ = {
			isa = XCBuildConfiguration;
			buildSettings = {
				ALWAYS_SEARCH_USER_PATHS = NO;
				CLANG_ANALYZER_NONNULL = YES;
				CLANG_ANALYZER_NUMBER_OBJECT_CONVERSION = YES_AGGRESSIVE;
				CLANG_CXX_LANGUAGE_STANDARD = "gnu++20";
				CLANG_ENABLE_MODULES = YES;
				CLANG_ENABLE_OBJC_ARC = YES;
				CLANG_ENABLE_OBJC_WEAK = YES;
				CLANG_WARN_BLOCK_CAPTURE_AUTORELEASING = YES;
				CLANG_WARN_BOOL_CONVERSION = YES;
				CLANG_WARN_COMMA = YES;
				CLANG_WARN_CONSTANT_CONVERSION = YES;
				CLANG_WARN_DEPRECATED_OBJC_IMPLEMENTATIONS = YES;
				CLANG_WARN_DIRECT_OBJC_ISA_USAGE = YES_ERROR;
				CLANG_WARN_DOCUMENTATION_COMMENTS = YES;
				CLANG_WARN_EMPTY_BODY = YES;
				CLANG_WARN_ENUM_CONVERSION = YES;
				CLANG_WARN_INFINITE_RECURSION = YES;
				CLANG_WARN_INT_CONVERSION = YES;
				CLANG_WARN_NON_LITERAL_NULL_CONVERSION = YES;
				CLANG_WARN_OBJC_IMPLICIT_RETAIN_SELF = YES;
				CLANG_WARN_OBJC_LITERAL_CONVERSION = YES;
				CLANG_WARN_OBJC_ROOT_CLASS = YES_ERROR;
				CLANG_WARN_QUOTED_INCLUDE_IN_FRAMEWORK_HEADER = YES;
				CLANG_WARN_RANGE_LOOP_ANALYSIS = YES;
				CLANG_WARN_STRICT_PROTOTYPES = YES;
				CLANG_WARN_SUSPICIOUS_MOVE = YES;
				CLANG_WARN_UNGUARDED_AVAILABILITY = YES_AGGRESSIVE;
				CLANG_WARN_UNREACHABLE_CODE = YES;
				CLANG_WARN__DUPLICATE_METHOD_MATCH = YES;
				COPY_PHASE_STRIP = NO;
				DEBUG_INFORMATION_FORMAT = "dwarf-with-dsym";
				ENABLE_NS_ASSERTIONS = NO;
				ENABLE_STRICT_OBJC_MSGSEND = YES;
				GCC_C_LANGUAGE_STANDARD = gnu11;
				GCC_NO_COMMON_BLOCKS = YES;
				GCC_WARN_64_TO_32_BIT_CONVERSION = YES;
				GCC_WARN_ABOUT_RETURN_TYPE = YES_ERROR;
				GCC_WARN_UNDECLARED_SELECTOR = YES;
				GCC_WARN_UNINITIALIZED_AUTOS = YES_AGGRESSIVE;
				GCC_WARN_UNUSED_FUNCTION = YES;
				GCC_WARN_UNUSED_VARIABLE = YES;
				IPHONEOS_DEPLOYMENT_TARGET = 16.2;
				MTL_ENABLE_DEBUG_INFO = NO;
				MTL_FAST_MATH = YES;
				SDKROOT = iphoneos;
				SWIFT_COMPILATION_MODE = wholemodule;
				SWIFT_OPTIMIZATION_LEVEL = "-O";
				VALIDATE_PRODUCT = YES;
			};
			name = Release;
		};
		EF91B03F29883256001AE3CA /* Debug */ = {
			isa = XCBuildConfiguration;
			buildSettings = {
				ASSETCATALOG_COMPILER_APPICON_NAME = AppIcon;
				ASSETCATALOG_COMPILER_GLOBAL_ACCENT_COLOR_NAME = AccentColor;
				CODE_SIGN_STYLE = Automatic;
				CURRENT_PROJECT_VERSION = 1;
				DEVELOPMENT_TEAM = 29MPKB7M6L;
				GENERATE_INFOPLIST_FILE = YES;
				INFOPLIST_FILE = ODiazExamenCoppel/Info.plist;
				INFOPLIST_KEY_UIApplicationSupportsIndirectInputEvents = YES;
				INFOPLIST_KEY_UILaunchStoryboardName = LaunchScreen;
				INFOPLIST_KEY_UIMainStoryboardFile = Main;
				INFOPLIST_KEY_UISupportedInterfaceOrientations_iPad = "UIInterfaceOrientationPortrait UIInterfaceOrientationPortraitUpsideDown UIInterfaceOrientationLandscapeLeft UIInterfaceOrientationLandscapeRight";
				INFOPLIST_KEY_UISupportedInterfaceOrientations_iPhone = "UIInterfaceOrientationPortrait UIInterfaceOrientationLandscapeLeft UIInterfaceOrientationLandscapeRight";
				LD_RUNPATH_SEARCH_PATHS = (
					"$(inherited)",
					"@executable_path/Frameworks",
				);
				MARKETING_VERSION = 1.0;
				PRODUCT_BUNDLE_IDENTIFIER = com.digi01.ODiazExamenCoppel.ODiazExamenCoppel;
				PRODUCT_NAME = "$(TARGET_NAME)";
				SWIFT_EMIT_LOC_STRINGS = YES;
				SWIFT_VERSION = 5.0;
				TARGETED_DEVICE_FAMILY = "1,2";
			};
			name = Debug;
		};
		EF91B04029883256001AE3CA /* Release */ = {
			isa = XCBuildConfiguration;
			buildSettings = {
				ASSETCATALOG_COMPILER_APPICON_NAME = AppIcon;
				ASSETCATALOG_COMPILER_GLOBAL_ACCENT_COLOR_NAME = AccentColor;
				CODE_SIGN_STYLE = Automatic;
				CURRENT_PROJECT_VERSION = 1;
				DEVELOPMENT_TEAM = 29MPKB7M6L;
				GENERATE_INFOPLIST_FILE = YES;
				INFOPLIST_FILE = ODiazExamenCoppel/Info.plist;
				INFOPLIST_KEY_UIApplicationSupportsIndirectInputEvents = YES;
				INFOPLIST_KEY_UILaunchStoryboardName = LaunchScreen;
				INFOPLIST_KEY_UIMainStoryboardFile = Main;
				INFOPLIST_KEY_UISupportedInterfaceOrientations_iPad = "UIInterfaceOrientationPortrait UIInterfaceOrientationPortraitUpsideDown UIInterfaceOrientationLandscapeLeft UIInterfaceOrientationLandscapeRight";
				INFOPLIST_KEY_UISupportedInterfaceOrientations_iPhone = "UIInterfaceOrientationPortrait UIInterfaceOrientationLandscapeLeft UIInterfaceOrientationLandscapeRight";
				LD_RUNPATH_SEARCH_PATHS = (
					"$(inherited)",
					"@executable_path/Frameworks",
				);
				MARKETING_VERSION = 1.0;
				PRODUCT_BUNDLE_IDENTIFIER = com.digi01.ODiazExamenCoppel.ODiazExamenCoppel;
				PRODUCT_NAME = "$(TARGET_NAME)";
				SWIFT_EMIT_LOC_STRINGS = YES;
				SWIFT_VERSION = 5.0;
				TARGETED_DEVICE_FAMILY = "1,2";
			};
			name = Release;
		};
		EF91B04229883256001AE3CA /* Debug */ = {
			isa = XCBuildConfiguration;
			buildSettings = {
				ALWAYS_EMBED_SWIFT_STANDARD_LIBRARIES = YES;
				BUNDLE_LOADER = "$(TEST_HOST)";
				CODE_SIGN_STYLE = Automatic;
				CURRENT_PROJECT_VERSION = 1;
				DEVELOPMENT_TEAM = 29MPKB7M6L;
				GENERATE_INFOPLIST_FILE = YES;
				IPHONEOS_DEPLOYMENT_TARGET = 16.2;
				MARKETING_VERSION = 1.0;
				PRODUCT_BUNDLE_IDENTIFIER = com.digi01.ODiazExamenCoppel.ODiazExamenCoppelTests;
				PRODUCT_NAME = "$(TARGET_NAME)";
				SWIFT_EMIT_LOC_STRINGS = NO;
				SWIFT_VERSION = 5.0;
				TARGETED_DEVICE_FAMILY = "1,2";
				TEST_HOST = "$(BUILT_PRODUCTS_DIR)/ODiazExamenCoppel.app/$(BUNDLE_EXECUTABLE_FOLDER_PATH)/ODiazExamenCoppel";
			};
			name = Debug;
		};
		EF91B04329883256001AE3CA /* Release */ = {
			isa = XCBuildConfiguration;
			buildSettings = {
				ALWAYS_EMBED_SWIFT_STANDARD_LIBRARIES = YES;
				BUNDLE_LOADER = "$(TEST_HOST)";
				CODE_SIGN_STYLE = Automatic;
				CURRENT_PROJECT_VERSION = 1;
				DEVELOPMENT_TEAM = 29MPKB7M6L;
				GENERATE_INFOPLIST_FILE = YES;
				IPHONEOS_DEPLOYMENT_TARGET = 16.2;
				MARKETING_VERSION = 1.0;
				PRODUCT_BUNDLE_IDENTIFIER = com.digi01.ODiazExamenCoppel.ODiazExamenCoppelTests;
				PRODUCT_NAME = "$(TARGET_NAME)";
				SWIFT_EMIT_LOC_STRINGS = NO;
				SWIFT_VERSION = 5.0;
				TARGETED_DEVICE_FAMILY = "1,2";
				TEST_HOST = "$(BUILT_PRODUCTS_DIR)/ODiazExamenCoppel.app/$(BUNDLE_EXECUTABLE_FOLDER_PATH)/ODiazExamenCoppel";
			};
			name = Release;
		};
		EF91B04529883256001AE3CA /* Debug */ = {
			isa = XCBuildConfiguration;
			buildSettings = {
				ALWAYS_EMBED_SWIFT_STANDARD_LIBRARIES = YES;
				CODE_SIGN_STYLE = Automatic;
				CURRENT_PROJECT_VERSION = 1;
				DEVELOPMENT_TEAM = 29MPKB7M6L;
				GENERATE_INFOPLIST_FILE = YES;
				MARKETING_VERSION = 1.0;
				PRODUCT_BUNDLE_IDENTIFIER = com.digi01.ODiazExamenCoppel.ODiazExamenCoppelUITests;
				PRODUCT_NAME = "$(TARGET_NAME)";
				SWIFT_EMIT_LOC_STRINGS = NO;
				SWIFT_VERSION = 5.0;
				TARGETED_DEVICE_FAMILY = "1,2";
				TEST_TARGET_NAME = ODiazExamenCoppel;
			};
			name = Debug;
		};
		EF91B04629883256001AE3CA /* Release */ = {
			isa = XCBuildConfiguration;
			buildSettings = {
				ALWAYS_EMBED_SWIFT_STANDARD_LIBRARIES = YES;
				CODE_SIGN_STYLE = Automatic;
				CURRENT_PROJECT_VERSION = 1;
				DEVELOPMENT_TEAM = 29MPKB7M6L;
				GENERATE_INFOPLIST_FILE = YES;
				MARKETING_VERSION = 1.0;
				PRODUCT_BUNDLE_IDENTIFIER = com.digi01.ODiazExamenCoppel.ODiazExamenCoppelUITests;
				PRODUCT_NAME = "$(TARGET_NAME)";
				SWIFT_EMIT_LOC_STRINGS = NO;
				SWIFT_VERSION = 5.0;
				TARGETED_DEVICE_FAMILY = "1,2";
				TEST_TARGET_NAME = ODiazExamenCoppel;
			};
			name = Release;
		};
/* End XCBuildConfiguration section */

/* Begin XCConfigurationList section */
		EF91B00F29883252001AE3CA /* Build configuration list for PBXProject "ODiazExamenCoppel" */ = {
			isa = XCConfigurationList;
			buildConfigurations = (
				EF91B03C29883256001AE3CA /* Debug */,
				EF91B03D29883256001AE3CA /* Release */,
			);
			defaultConfigurationIsVisible = 0;
			defaultConfigurationName = Release;
		};
		EF91B03E29883256001AE3CA /* Build configuration list for PBXNativeTarget "ODiazExamenCoppel" */ = {
			isa = XCConfigurationList;
			buildConfigurations = (
				EF91B03F29883256001AE3CA /* Debug */,
				EF91B04029883256001AE3CA /* Release */,
			);
			defaultConfigurationIsVisible = 0;
			defaultConfigurationName = Release;
		};
		EF91B04129883256001AE3CA /* Build configuration list for PBXNativeTarget "ODiazExamenCoppelTests" */ = {
			isa = XCConfigurationList;
			buildConfigurations = (
				EF91B04229883256001AE3CA /* Debug */,
				EF91B04329883256001AE3CA /* Release */,
			);
			defaultConfigurationIsVisible = 0;
			defaultConfigurationName = Release;
		};
		EF91B04429883256001AE3CA /* Build configuration list for PBXNativeTarget "ODiazExamenCoppelUITests" */ = {
			isa = XCConfigurationList;
			buildConfigurations = (
				EF91B04529883256001AE3CA /* Debug */,
				EF91B04629883256001AE3CA /* Release */,
			);
			defaultConfigurationIsVisible = 0;
			defaultConfigurationName = Release;
		};
/* End XCConfigurationList section */
	};
	rootObject = EF91B00C29883252001AE3CA /* Project object */;
}
